{
    "_readme": [
        "This file locks the dependencies of your project to a known state",
        "Read more about it at https://getcomposer.org/doc/01-basic-usage.md#installing-dependencies",
        "This file is @generated automatically"
    ],
    "content-hash": "03e558b8a7fe9340c94a19032b87e4ae",
    "packages": [
        {
            "name": "vgrem/php-spo",
            "version": "dev-master",
            "source": {
                "type": "git",
                "url": "https://github.com/vgrem/phpSPO.git",
                "reference": "00de375302565073b7e8cb776270b4415889f789"
            },
            "dist": {
                "type": "zip",
                "url": "https://api.github.com/repos/vgrem/phpSPO/zipball/00de375302565073b7e8cb776270b4415889f789",
                "reference": "00de375302565073b7e8cb776270b4415889f789",
                "shasum": ""
            },
            "require": {
                "ext-curl": "*",
                "php": ">=5.4"
            },
            "type": "library",
            "autoload": {
                "psr-4": {
                    "Office365\\PHP\\Client\\": "src/"
                }
            },
            "notification-url": "https://packagist.org/downloads/",
            "license": [
                "LGPL-3.0+"
            ],
            "authors": [
                {
                    "name": "Vadim Gremyachev",
                    "email": "vvgrem@gmail.com"
                }
            ],
            "description": "The library provides a Office 365 REST client for PHP. It allows to performs CRUD operations against Office 365 resources via an REST/OData based API",
            "keywords": [
                "Office365",
                "api",
                "curl",
                "rest",
                "sharepoint"
            ],
            "time": "2019-10-07T15:00:50+00:00"
        }
    ],
    "packages-dev": [],
    "aliases": [],
    "minimum-stability": "stable",
    "stability-flags": {
        "vgrem/php-spo": 20
    },
    "prefer-stable": false,
    "prefer-lowest": false,
    "platform": [],
    "platform-dev": []
}
